
Microsoft Visual Studio Solution File, Format Version 12.00
# Visual Studio Version 17
VisualStudioVersion = 17.5.002.0
MinimumVisualStudioVersion = 10.0.40219.1
Project("{2150E333-8FDC-42A3-9474-1A3956D46DE8}") = "csharp-prep", "csharp-prep", "{DAA2EA61-82E0-4651-A390-85A54A42E7A9}"
EndProject
Project("{9A19103F-16F7-4668-BE54-9A1E7A4F7556}") = "Prep1", "csharp-prep\Prep1\Prep1.csproj", "{132E9407-DC3E-4227-9FD1-EB8D679833B8}"
EndProject
Project("{9A19103F-16F7-4668-BE54-9A1E7A4F7556}") = "Prep2", "csharp-prep\Prep2\Prep2.csproj", "{003A4951-E9DF-4CE6-9D70-6B74A0EFDF2E}"
EndProject
Project("{9A19103F-16F7-4668-BE54-9A1E7A4F7556}") = "Prep3", "csharp-prep\Prep3\Prep3.csproj", "{3DFAE6C0-02A5-4C55-A6F4-4754FBA5F34C}"
EndProject
Project("{9A19103F-16F7-4668-BE54-9A1E7A4F7556}") = "Prep4", "csharp-prep\Prep4\Prep4.csproj", "{5F529BC2-C5D6-4FE0-A52B-D07C7799F5F6}"
EndProject
Project("{9A19103F-16F7-4668-BE54-9A1E7A4F7556}") = "Prep5", "csharp-prep\Prep5\Prep5.csproj", "{6C30A727-5E6C-43E6-847D-FE1D6994EAB1}"
EndProject
Project("{2150E333-8FDC-42A3-9474-1A3956D46DE8}") = "final", "final", "{3F29E099-6582-4603-A12F-0B338DBC9DC1}"
EndProject
Project("{9A19103F-16F7-4668-BE54-9A1E7A4F7556}") = "FinalProject", "final\FinalProject\FinalProject.csproj", "{85E8A468-E045-4933-AFA0-D95847A2B219}"
EndProject
Project("{9A19103F-16F7-4668-BE54-9A1E7A4F7556}") = "Foundation1", "final\Foundation1\Foundation1.csproj", "{1AC9F692-7904-49B1-AF94-49BF2B402E8C}"
EndProject
Project("{9A19103F-16F7-4668-BE54-9A1E7A4F7556}") = "Foundation2", "final\Foundation2\Foundation2.csproj", "{964B014B-9711-4C9C-B21E-430E5D74FC6F}"
EndProject
Project("{9A19103F-16F7-4668-BE54-9A1E7A4F7556}") = "Foundation3", "final\Foundation3\Foundation3.csproj", "{DCE22E11-524C-428F-9E25-87155989AEA2}"
EndProject
Project("{9A19103F-16F7-4668-BE54-9A1E7A4F7556}") = "Foundation4", "final\Foundation4\Foundation4.csproj", "{BC045841-5E56-425A-88AC-E24D6E4E87ED}"
EndProject
Project("{2150E333-8FDC-42A3-9474-1A3956D46DE8}") = "prepare", "prepare", "{40EBFA6B-8D83-4E28-9A8E-70007093C0C8}"
EndProject
Project("{9A19103F-16F7-4668-BE54-9A1E7A4F7556}") = "Learning02", "prepare\Learning02\Learning02.csproj", "{AECE801C-0D9F-43C6-8E0D-7E49A3A20C47}"
EndProject
Project("{9A19103F-16F7-4668-BE54-9A1E7A4F7556}") = "Learning03", "prepare\Learning03\Learning03.csproj", "{7714FF70-596F-47BA-8223-8E3EEEB01FE3}"
EndProject
Project("{9A19103F-16F7-4668-BE54-9A1E7A4F7556}") = "Learning04", "prepare\Learning04\Learning04.csproj", "{7F982B20-B2CB-47AB-A80E-125A5BBD6B70}"
EndProject
Project("{9A19103F-16F7-4668-BE54-9A1E7A4F7556}") = "Learning05", "prepare\Learning05\Learning05.csproj", "{8AD2620B-05A4-4321-9DC7-38351EFD5C72}"
EndProject
Project("{2150E333-8FDC-42A3-9474-1A3956D46DE8}") = "prove", "prove", "{34BC15B9-AC28-4060-9328-F61097953298}"
EndProject
Project("{9A19103F-16F7-4668-BE54-9A1E7A4F7556}") = "Develop02", "prove\Develop02\Develop02.csproj", "{426E9B16-53A0-4CD0-B792-E6B1982C810F}"
EndProject
Project("{9A19103F-16F7-4668-BE54-9A1E7A4F7556}") = "Develop03", "prove\Develop03\Develop03.csproj", "{1A8540C8-D0EC-4BD3-A387-55D54A3AA073}"
EndProject
Project("{9A19103F-16F7-4668-BE54-9A1E7A4F7556}") = "Develop04", "prove\Develop04\Develop04.csproj", "{1C7DA11D-DEAA-4775-B6FC-E2A667D9BDAF}"
EndProject
Project("{9A19103F-16F7-4668-BE54-9A1E7A4F7556}") = "Develop05", "prove\Develop05\Develop05.csproj", "{BA3B1ACD-0C49-44DF-934D-CC90B6E1CB15}"
EndProject
Project("{2150E333-8FDC-42A3-9474-1A3956D46DE8}") = "sandbox", "sandbox", "{5253EE84-4B55-4439-849B-779FFF2D0B74}"
EndProject
Project("{9A19103F-16F7-4668-BE54-9A1E7A4F7556}") = "Sandbox", "sandbox\Sandbox\Sandbox.csproj", "{8DB53B9A-31F9-43BE-8CB3-68CBF8EE1352}"
EndProject
Global
	GlobalSection(SolutionConfigurationPlatforms) = preSolution
		Debug|Any CPU = Debug|Any CPU
		Release|Any CPU = Release|Any CPU
	EndGlobalSection
	GlobalSection(ProjectConfigurationPlatforms) = postSolution
		{132E9407-DC3E-4227-9FD1-EB8D679833B8}.Debug|Any CPU.ActiveCfg = Debug|Any CPU
		{132E9407-DC3E-4227-9FD1-EB8D679833B8}.Debug|Any CPU.Build.0 = Debug|Any CPU
		{132E9407-DC3E-4227-9FD1-EB8D679833B8}.Release|Any CPU.ActiveCfg = Release|Any CPU
		{132E9407-DC3E-4227-9FD1-EB8D679833B8}.Release|Any CPU.Build.0 = Release|Any CPU
		{003A4951-E9DF-4CE6-9D70-6B74A0EFDF2E}.Debug|Any CPU.ActiveCfg = Debug|Any CPU
		{003A4951-E9DF-4CE6-9D70-6B74A0EFDF2E}.Debug|Any CPU.Build.0 = Debug|Any CPU
		{003A4951-E9DF-4CE6-9D70-6B74A0EFDF2E}.Release|Any CPU.ActiveCfg = Release|Any CPU
		{003A4951-E9DF-4CE6-9D70-6B74A0EFDF2E}.Release|Any CPU.Build.0 = Release|Any CPU
		{3DFAE6C0-02A5-4C55-A6F4-4754FBA5F34C}.Debug|Any CPU.ActiveCfg = Debug|Any CPU
		{3DFAE6C0-02A5-4C55-A6F4-4754FBA5F34C}.Debug|Any CPU.Build.0 = Debug|Any CPU
		{3DFAE6C0-02A5-4C55-A6F4-4754FBA5F34C}.Release|Any CPU.ActiveCfg = Release|Any CPU
		{3DFAE6C0-02A5-4C55-A6F4-4754FBA5F34C}.Release|Any CPU.Build.0 = Release|Any CPU
		{5F529BC2-C5D6-4FE0-A52B-D07C7799F5F6}.Debug|Any CPU.ActiveCfg = Debug|Any CPU
		{5F529BC2-C5D6-4FE0-A52B-D07C7799F5F6}.Debug|Any CPU.Build.0 = Debug|Any CPU
		{5F529BC2-C5D6-4FE0-A52B-D07C7799F5F6}.Release|Any CPU.ActiveCfg = Release|Any CPU
		{5F529BC2-C5D6-4FE0-A52B-D07C7799F5F6}.Release|Any CPU.Build.0 = Release|Any CPU
		{6C30A727-5E6C-43E6-847D-FE1D6994EAB1}.Debug|Any CPU.ActiveCfg = Debug|Any CPU
		{6C30A727-5E6C-43E6-847D-FE1D6994EAB1}.Debug|Any CPU.Build.0 = Debug|Any CPU
		{6C30A727-5E6C-43E6-847D-FE1D6994EAB1}.Release|Any CPU.ActiveCfg = Release|Any CPU
		{6C30A727-5E6C-43E6-847D-FE1D6994EAB1}.Release|Any CPU.Build.0 = Release|Any CPU
		{85E8A468-E045-4933-AFA0-D95847A2B219}.Debug|Any CPU.ActiveCfg = Debug|Any CPU
		{85E8A468-E045-4933-AFA0-D95847A2B219}.Debug|Any CPU.Build.0 = Debug|Any CPU
		{85E8A468-E045-4933-AFA0-D95847A2B219}.Release|Any CPU.ActiveCfg = Release|Any CPU
		{85E8A468-E045-4933-AFA0-D95847A2B219}.Release|Any CPU.Build.0 = Release|Any CPU
		{1AC9F692-7904-49B1-AF94-49BF2B402E8C}.Debug|Any CPU.ActiveCfg = Debug|Any CPU
		{1AC9F692-7904-49B1-AF94-49BF2B402E8C}.Debug|Any CPU.Build.0 = Debug|Any CPU
		{1AC9F692-7904-49B1-AF94-49BF2B402E8C}.Release|Any CPU.ActiveCfg = Release|Any CPU
		{1AC9F692-7904-49B1-AF94-49BF2B402E8C}.Release|Any CPU.Build.0 = Release|Any CPU
		{964B014B-9711-4C9C-B21E-430E5D74FC6F}.Debug|Any CPU.ActiveCfg = Debug|Any CPU
		{964B014B-9711-4C9C-B21E-430E5D74FC6F}.Debug|Any CPU.Build.0 = Debug|Any CPU
		{964B014B-9711-4C9C-B21E-430E5D74FC6F}.Release|Any CPU.ActiveCfg = Release|Any CPU
		{964B014B-9711-4C9C-B21E-430E5D74FC6F}.Release|Any CPU.Build.0 = Release|Any CPU
		{DCE22E11-524C-428F-9E25-87155989AEA2}.Debug|Any CPU.ActiveCfg = Debug|Any CPU
		{DCE22E11-524C-428F-9E25-87155989AEA2}.Debug|Any CPU.Build.0 = Debug|Any CPU
		{DCE22E11-524C-428F-9E25-87155989AEA2}.Release|Any CPU.ActiveCfg = Release|Any CPU
		{DCE22E11-524C-428F-9E25-87155989AEA2}.Release|Any CPU.Build.0 = Release|Any CPU
		{BC045841-5E56-425A-88AC-E24D6E4E87ED}.Debug|Any CPU.ActiveCfg = Debug|Any CPU
		{BC045841-5E56-425A-88AC-E24D6E4E87ED}.Debug|Any CPU.Build.0 = Debug|Any CPU
		{BC045841-5E56-425A-88AC-E24D6E4E87ED}.Release|Any CPU.ActiveCfg = Release|Any CPU
		{BC045841-5E56-425A-88AC-E24D6E4E87ED}.Release|Any CPU.Build.0 = Release|Any CPU
		{AECE801C-0D9F-43C6-8E0D-7E49A3A20C47}.Debug|Any CPU.ActiveCfg = Debug|Any CPU
		{AECE801C-0D9F-43C6-8E0D-7E49A3A20C47}.Debug|Any CPU.Build.0 = Debug|Any CPU
		{AECE801C-0D9F-43C6-8E0D-7E49A3A20C47}.Release|Any CPU.ActiveCfg = Release|Any CPU
		{AECE801C-0D9F-43C6-8E0D-7E49A3A20C47}.Release|Any CPU.Build.0 = Release|Any CPU
		{7714FF70-596F-47BA-8223-8E3EEEB01FE3}.Debug|Any CPU.ActiveCfg = Debug|Any CPU
		{7714FF70-596F-47BA-8223-8E3EEEB01FE3}.Debug|Any CPU.Build.0 = Debug|Any CPU
		{7714FF70-596F-47BA-8223-8E3EEEB01FE3}.Release|Any CPU.ActiveCfg = Release|Any CPU
		{7714FF70-596F-47BA-8223-8E3EEEB01FE3}.Release|Any CPU.Build.0 = Release|Any CPU
		{7F982B20-B2CB-47AB-A80E-125A5BBD6B70}.Debug|Any CPU.ActiveCfg = Debug|Any CPU
		{7F982B20-B2CB-47AB-A80E-125A5BBD6B70}.Debug|Any CPU.Build.0 = Debug|Any CPU
		{7F982B20-B2CB-47AB-A80E-125A5BBD6B70}.Release|Any CPU.ActiveCfg = Release|Any CPU
		{7F982B20-B2CB-47AB-A80E-125A5BBD6B70}.Release|Any CPU.Build.0 = Release|Any CPU
		{8AD2620B-05A4-4321-9DC7-38351EFD5C72}.Debug|Any CPU.ActiveCfg = Debug|Any CPU
		{8AD2620B-05A4-4321-9DC7-38351EFD5C72}.Debug|Any CPU.Build.0 = Debug|Any CPU
		{8AD2620B-05A4-4321-9DC7-38351EFD5C72}.Release|Any CPU.ActiveCfg = Release|Any CPU
		{8AD2620B-05A4-4321-9DC7-38351EFD5C72}.Release|Any CPU.Build.0 = Release|Any CPU
		{426E9B16-53A0-4CD0-B792-E6B1982C810F}.Debug|Any CPU.ActiveCfg = Debug|Any CPU
		{426E9B16-53A0-4CD0-B792-E6B1982C810F}.Debug|Any CPU.Build.0 = Debug|Any CPU
		{426E9B16-53A0-4CD0-B792-E6B1982C810F}.Release|Any CPU.ActiveCfg = Release|Any CPU
		{426E9B16-53A0-4CD0-B792-E6B1982C810F}.Release|Any CPU.Build.0 = Release|Any CPU
		{1A8540C8-D0EC-4BD3-A387-55D54A3AA073}.Debug|Any CPU.ActiveCfg = Debug|Any CPU
		{1A8540C8-D0EC-4BD3-A387-55D54A3AA073}.Debug|Any CPU.Build.0 = Debug|Any CPU
		{1A8540C8-D0EC-4BD3-A387-55D54A3AA073}.Release|Any CPU.ActiveCfg = Release|Any CPU
		{1A8540C8-D0EC-4BD3-A387-55D54A3AA073}.Release|Any CPU.Build.0 = Release|Any CPU
		{1C7DA11D-DEAA-4775-B6FC-E2A667D9BDAF}.Debug|Any CPU.ActiveCfg = Debug|Any CPU
		{1C7DA11D-DEAA-4775-B6FC-E2A667D9BDAF}.Debug|Any CPU.Build.0 = Debug|Any CPU
		{1C7DA11D-DEAA-4775-B6FC-E2A667D9BDAF}.Release|Any CPU.ActiveCfg = Release|Any CPU
		{1C7DA11D-DEAA-4775-B6FC-E2A667D9BDAF}.Release|Any CPU.Build.0 = Release|Any CPU
		{BA3B1ACD-0C49-44DF-934D-CC90B6E1CB15}.Debug|Any CPU.ActiveCfg = Debug|Any CPU
		{BA3B1ACD-0C49-44DF-934D-CC90B6E1CB15}.Debug|Any CPU.Build.0 = Debug|Any CPU
		{BA3B1ACD-0C49-44DF-934D-CC90B6E1CB15}.Release|Any CPU.ActiveCfg = Release|Any CPU
		{BA3B1ACD-0C49-44DF-934D-CC90B6E1CB15}.Release|Any CPU.Build.0 = Release|Any CPU
		{8DB53B9A-31F9-43BE-8CB3-68CBF8EE1352}.Debug|Any CPU.ActiveCfg = Debug|Any CPU
		{8DB53B9A-31F9-43BE-8CB3-68CBF8EE1352}.Debug|Any CPU.Build.0 = Debug|Any CPU
		{8DB53B9A-31F9-43BE-8CB3-68CBF8EE1352}.Release|Any CPU.ActiveCfg = Release|Any CPU
		{8DB53B9A-31F9-43BE-8CB3-68CBF8EE1352}.Release|Any CPU.Build.0 = Release|Any CPU
	EndGlobalSection
	GlobalSection(SolutionProperties) = preSolution
		HideSolutionNode = FALSE
	EndGlobalSection
	GlobalSection(NestedProjects) = preSolution
		{132E9407-DC3E-4227-9FD1-EB8D679833B8} = {DAA2EA61-82E0-4651-A390-85A54A42E7A9}
		{003A4951-E9DF-4CE6-9D70-6B74A0EFDF2E} = {DAA2EA61-82E0-4651-A390-85A54A42E7A9}
		{3DFAE6C0-02A5-4C55-A6F4-4754FBA5F34C} = {DAA2EA61-82E0-4651-A390-85A54A42E7A9}
		{5F529BC2-C5D6-4FE0-A52B-D07C7799F5F6} = {DAA2EA61-82E0-4651-A390-85A54A42E7A9}
		{6C30A727-5E6C-43E6-847D-FE1D6994EAB1} = {DAA2EA61-82E0-4651-A390-85A54A42E7A9}
		{85E8A468-E045-4933-AFA0-D95847A2B219} = {3F29E099-6582-4603-A12F-0B338DBC9DC1}
		{1AC9F692-7904-49B1-AF94-49BF2B402E8C} = {3F29E099-6582-4603-A12F-0B338DBC9DC1}
		{964B014B-9711-4C9C-B21E-430E5D74FC6F} = {3F29E099-6582-4603-A12F-0B338DBC9DC1}
		{DCE22E11-524C-428F-9E25-87155989AEA2} = {3F29E099-6582-4603-A12F-0B338DBC9DC1}
		{BC045841-5E56-425A-88AC-E24D6E4E87ED} = {3F29E099-6582-4603-A12F-0B338DBC9DC1}
		{AECE801C-0D9F-43C6-8E0D-7E49A3A20C47} = {40EBFA6B-8D83-4E28-9A8E-70007093C0C8}
		{7714FF70-596F-47BA-8223-8E3EEEB01FE3} = {40EBFA6B-8D83-4E28-9A8E-70007093C0C8}
		{7F982B20-B2CB-47AB-A80E-125A5BBD6B70} = {40EBFA6B-8D83-4E28-9A8E-70007093C0C8}
		{8AD2620B-05A4-4321-9DC7-38351EFD5C72} = {40EBFA6B-8D83-4E28-9A8E-70007093C0C8}
		{426E9B16-53A0-4CD0-B792-E6B1982C810F} = {34BC15B9-AC28-4060-9328-F61097953298}
		{1A8540C8-D0EC-4BD3-A387-55D54A3AA073} = {34BC15B9-AC28-4060-9328-F61097953298}
		{1C7DA11D-DEAA-4775-B6FC-E2A667D9BDAF} = {34BC15B9-AC28-4060-9328-F61097953298}
		{BA3B1ACD-0C49-44DF-934D-CC90B6E1CB15} = {34BC15B9-AC28-4060-9328-F61097953298}
		{8DB53B9A-31F9-43BE-8CB3-68CBF8EE1352} = {5253EE84-4B55-4439-849B-779FFF2D0B74}
	EndGlobalSection
	GlobalSection(ExtensibilityGlobals) = postSolution
		SolutionGuid = {A8DECC96-8CE9-4A4A-84FD-1EA4074D097B}
	EndGlobalSection
EndGlobal
